
Microsoft Visual Studio Solution File, Format Version 12.00
# Visual Studio Version 16
VisualStudioVersion = 16.0.29503.13
MinimumVisualStudioVersion = 10.0.40219.1
Project("{FAE04EC0-301F-11D3-BF4B-00C04F79EFBC}") = "WebAppCore", "WebAppCore\WebAppCore.csproj", "{C610F07E-A16A-4441-B456-98A9CD689EDA}"
EndProject
Project("{FAE04EC0-301F-11D3-BF4B-00C04F79EFBC}") = "test", "test\test.csproj", "{8122841B-430E-481A-83AC-EF227AA1DDD0}"
EndProject
Global
	GlobalSection(SolutionConfigurationPlatforms) = preSolution
		Debug|Any CPU = Debug|Any CPU
		Release|Any CPU = Release|Any CPU
	EndGlobalSection
	GlobalSection(ProjectConfigurationPlatforms) = postSolution
		{C610F07E-A16A-4441-B456-98A9CD689EDA}.Debug|Any CPU.ActiveCfg = Debug|Any CPU
		{C610F07E-A16A-4441-B456-98A9CD689EDA}.Debug|Any CPU.Build.0 = Debug|Any CPU
		{C610F07E-A16A-4441-B456-98A9CD689EDA}.Release|Any CPU.ActiveCfg = Release|Any CPU
		{C610F07E-A16A-4441-B456-98A9CD689EDA}.Release|Any CPU.Build.0 = Release|Any CPU
		{8122841B-430E-481A-83AC-EF227AA1DDD0}.Debug|Any CPU.ActiveCfg = Debug|Any CPU
		{8122841B-430E-481A-83AC-EF227AA1DDD0}.Debug|Any CPU.Build.0 = Debug|Any CPU
		{8122841B-430E-481A-83AC-EF227AA1DDD0}.Release|Any CPU.ActiveCfg = Release|Any CPU
		{8122841B-430E-481A-83AC-EF227AA1DDD0}.Release|Any CPU.Build.0 = Release|Any CPU
	EndGlobalSection
	GlobalSection(SolutionProperties) = preSolution
		HideSolutionNode = FALSE
	EndGlobalSection
	GlobalSection(ExtensibilityGlobals) = postSolution
		SolutionGuid = {78A27232-2673-47C8-BCD9-B2B3B2A497DC}
	EndGlobalSection
EndGlobal
